# This file was autogenerated by Stack.
# You should not edit this file by hand.
# For more information, please see the documentation at:
#   https://docs.haskellstack.org/en/stable/lock_files

packages: []
snapshots:
- completed:
    sha256: cb88a28953323820022cd5167cd24eba4bb642ec48a60341e0e31fb15c8d18b2
    size: 618527
    url: https://raw.githubusercontent.com/commercialhaskell/stackage-snapshots/master/nightly/2024/12/19.yaml
  original: nightly-2024-12-19
